
Microsoft Visual Studio Solution File, Format Version 12.00
# Visual Studio Version 16
VisualStudioVersion = 16.0.29609.76
MinimumVisualStudioVersion = 10.0.40219.1
Project("{8BC9CEB8-8B4A-11D0-8D11-00A0C91BC942}") = "CPP-BasicToAdvanced", "CPP-BasicToAdvanced\CPP-BasicToAdvanced.vcxproj", "{DCEE51BF-F880-4EB4-8A87-F12C544609EA}"
EndProject
Project("{8BC9CEB8-8B4A-11D0-8D11-00A0C91BC942}") = "Variables", "Variables\Variables.vcxproj", "{C604F3E1-3D86-40DE-BF5A-7BFD8AA50664}"
EndProject
Project("{8BC9CEB8-8B4A-11D0-8D11-00A0C91BC942}") = "Functions", "Functions\Functions.vcxproj", "{5BB522BA-775B-40BC-BDB3-08E93228AEA0}"
EndProject
Project("{8BC9CEB8-8B4A-11D0-8D11-00A0C91BC942}") = "HeaderFiles", "HeaderFiles\HeaderFiles.vcxproj", "{A08E21BE-3449-4A16-9330-D44C661CC43F}"
EndProject
Project("{8BC9CEB8-8B4A-11D0-8D11-00A0C91BC942}") = "Debugging", "Debugging\Debugging.vcxproj", "{7A7F845F-2A36-4834-8CA0-965A0C7DAE9C}"
EndProject
Project("{8BC9CEB8-8B4A-11D0-8D11-00A0C91BC942}") = "TripleX-TextGame", "TripleX-TextGame\TripleX-TextGame.vcxproj", "{00453E5E-9086-49D5-A76D-6275CDA14BC9}"
EndProject
Project("{8BC9CEB8-8B4A-11D0-8D11-00A0C91BC942}") = "ConditionsAndBranches", "ConditionsAndBranches\ConditionsAndBranches.vcxproj", "{4F5F7F00-A9BE-40A5-B619-2A3E7D17809D}"
EndProject
Project("{8BC9CEB8-8B4A-11D0-8D11-00A0C91BC942}") = "Loops", "Loops\Loops.vcxproj", "{F7EAC50F-C276-477D-8E6A-A6CD168770C3}"
EndProject
Project("{8BC9CEB8-8B4A-11D0-8D11-00A0C91BC942}") = "Pointers", "Pointers\Pointers.vcxproj", "{80FE3D30-111B-429F-962A-FBC1C9AF7FAC}"
EndProject
Project("{8BC9CEB8-8B4A-11D0-8D11-00A0C91BC942}") = "References", "References\References.vcxproj", "{522E40E0-EEC2-402C-804A-53BB1E9ED250}"
EndProject
Project("{8BC9CEB8-8B4A-11D0-8D11-00A0C91BC942}") = "Classes", "Classes\Classes.vcxproj", "{5010D012-E4AE-4728-9B6F-21266A88A753}"
EndProject
Project("{8BC9CEB8-8B4A-11D0-8D11-00A0C91BC942}") = "Static", "Static\Static.vcxproj", "{92CB97D9-DC3F-4567-8B20-9657A14F98D0}"
EndProject
Project("{8BC9CEB8-8B4A-11D0-8D11-00A0C91BC942}") = "Enums", "Enums\Enums.vcxproj", "{427B391E-06D3-4DB0-9EB1-075EFE139154}"
EndProject
Project("{8BC9CEB8-8B4A-11D0-8D11-00A0C91BC942}") = "Constructor", "Constructor\Constructor.vcxproj", "{65CE9466-769C-454D-B3A7-990249EC59F4}"
EndProject
Project("{8BC9CEB8-8B4A-11D0-8D11-00A0C91BC942}") = "Inheritance", "Inheritance\Inheritance.vcxproj", "{76D49F50-5A70-481F-B9D7-06226328F9FB}"
EndProject
Project("{8BC9CEB8-8B4A-11D0-8D11-00A0C91BC942}") = "VirtualFunctions", "VirtualFunctions\VirtualFunctions.vcxproj", "{9AB3518C-173E-4407-8CA2-1AFEBDE5F8CE}"
EndProject
Global
	GlobalSection(SolutionConfigurationPlatforms) = preSolution
		Debug|x64 = Debug|x64
		Debug|x86 = Debug|x86
		Release|x64 = Release|x64
		Release|x86 = Release|x86
	EndGlobalSection
	GlobalSection(ProjectConfigurationPlatforms) = postSolution
		{DCEE51BF-F880-4EB4-8A87-F12C544609EA}.Debug|x64.ActiveCfg = Debug|x64
		{DCEE51BF-F880-4EB4-8A87-F12C544609EA}.Debug|x64.Build.0 = Debug|x64
		{DCEE51BF-F880-4EB4-8A87-F12C544609EA}.Debug|x86.ActiveCfg = Debug|Win32
		{DCEE51BF-F880-4EB4-8A87-F12C544609EA}.Debug|x86.Build.0 = Debug|Win32
		{DCEE51BF-F880-4EB4-8A87-F12C544609EA}.Release|x64.ActiveCfg = Release|x64
		{DCEE51BF-F880-4EB4-8A87-F12C544609EA}.Release|x64.Build.0 = Release|x64
		{DCEE51BF-F880-4EB4-8A87-F12C544609EA}.Release|x86.ActiveCfg = Release|Win32
		{DCEE51BF-F880-4EB4-8A87-F12C544609EA}.Release|x86.Build.0 = Release|Win32
		{C604F3E1-3D86-40DE-BF5A-7BFD8AA50664}.Debug|x64.ActiveCfg = Debug|x64
		{C604F3E1-3D86-40DE-BF5A-7BFD8AA50664}.Debug|x64.Build.0 = Debug|x64
		{C604F3E1-3D86-40DE-BF5A-7BFD8AA50664}.Debug|x86.ActiveCfg = Debug|Win32
		{C604F3E1-3D86-40DE-BF5A-7BFD8AA50664}.Debug|x86.Build.0 = Debug|Win32
		{C604F3E1-3D86-40DE-BF5A-7BFD8AA50664}.Release|x64.ActiveCfg = Release|x64
		{C604F3E1-3D86-40DE-BF5A-7BFD8AA50664}.Release|x64.Build.0 = Release|x64
		{C604F3E1-3D86-40DE-BF5A-7BFD8AA50664}.Release|x86.ActiveCfg = Release|Win32
		{C604F3E1-3D86-40DE-BF5A-7BFD8AA50664}.Release|x86.Build.0 = Release|Win32
		{5BB522BA-775B-40BC-BDB3-08E93228AEA0}.Debug|x64.ActiveCfg = Debug|x64
		{5BB522BA-775B-40BC-BDB3-08E93228AEA0}.Debug|x64.Build.0 = Debug|x64
		{5BB522BA-775B-40BC-BDB3-08E93228AEA0}.Debug|x86.ActiveCfg = Debug|Win32
		{5BB522BA-775B-40BC-BDB3-08E93228AEA0}.Debug|x86.Build.0 = Debug|Win32
		{5BB522BA-775B-40BC-BDB3-08E93228AEA0}.Release|x64.ActiveCfg = Release|x64
		{5BB522BA-775B-40BC-BDB3-08E93228AEA0}.Release|x64.Build.0 = Release|x64
		{5BB522BA-775B-40BC-BDB3-08E93228AEA0}.Release|x86.ActiveCfg = Release|Win32
		{5BB522BA-775B-40BC-BDB3-08E93228AEA0}.Release|x86.Build.0 = Release|Win32
		{A08E21BE-3449-4A16-9330-D44C661CC43F}.Debug|x64.ActiveCfg = Debug|x64
		{A08E21BE-3449-4A16-9330-D44C661CC43F}.Debug|x64.Build.0 = Debug|x64
		{A08E21BE-3449-4A16-9330-D44C661CC43F}.Debug|x86.ActiveCfg = Debug|Win32
		{A08E21BE-3449-4A16-9330-D44C661CC43F}.Debug|x86.Build.0 = Debug|Win32
		{A08E21BE-3449-4A16-9330-D44C661CC43F}.Release|x64.ActiveCfg = Release|x64
		{A08E21BE-3449-4A16-9330-D44C661CC43F}.Release|x64.Build.0 = Release|x64
		{A08E21BE-3449-4A16-9330-D44C661CC43F}.Release|x86.ActiveCfg = Release|Win32
		{A08E21BE-3449-4A16-9330-D44C661CC43F}.Release|x86.Build.0 = Release|Win32
		{7A7F845F-2A36-4834-8CA0-965A0C7DAE9C}.Debug|x64.ActiveCfg = Debug|x64
		{7A7F845F-2A36-4834-8CA0-965A0C7DAE9C}.Debug|x64.Build.0 = Debug|x64
		{7A7F845F-2A36-4834-8CA0-965A0C7DAE9C}.Debug|x86.ActiveCfg = Debug|Win32
		{7A7F845F-2A36-4834-8CA0-965A0C7DAE9C}.Debug|x86.Build.0 = Debug|Win32
		{7A7F845F-2A36-4834-8CA0-965A0C7DAE9C}.Release|x64.ActiveCfg = Release|x64
		{7A7F845F-2A36-4834-8CA0-965A0C7DAE9C}.Release|x64.Build.0 = Release|x64
		{7A7F845F-2A36-4834-8CA0-965A0C7DAE9C}.Release|x86.ActiveCfg = Release|Win32
		{7A7F845F-2A36-4834-8CA0-965A0C7DAE9C}.Release|x86.Build.0 = Release|Win32
		{00453E5E-9086-49D5-A76D-6275CDA14BC9}.Debug|x64.ActiveCfg = Debug|x64
		{00453E5E-9086-49D5-A76D-6275CDA14BC9}.Debug|x64.Build.0 = Debug|x64
		{00453E5E-9086-49D5-A76D-6275CDA14BC9}.Debug|x86.ActiveCfg = Debug|Win32
		{00453E5E-9086-49D5-A76D-6275CDA14BC9}.Debug|x86.Build.0 = Debug|Win32
		{00453E5E-9086-49D5-A76D-6275CDA14BC9}.Release|x64.ActiveCfg = Release|x64
		{00453E5E-9086-49D5-A76D-6275CDA14BC9}.Release|x64.Build.0 = Release|x64
		{00453E5E-9086-49D5-A76D-6275CDA14BC9}.Release|x86.ActiveCfg = Release|Win32
		{00453E5E-9086-49D5-A76D-6275CDA14BC9}.Release|x86.Build.0 = Release|Win32
		{4F5F7F00-A9BE-40A5-B619-2A3E7D17809D}.Debug|x64.ActiveCfg = Debug|x64
		{4F5F7F00-A9BE-40A5-B619-2A3E7D17809D}.Debug|x64.Build.0 = Debug|x64
		{4F5F7F00-A9BE-40A5-B619-2A3E7D17809D}.Debug|x86.ActiveCfg = Debug|Win32
		{4F5F7F00-A9BE-40A5-B619-2A3E7D17809D}.Debug|x86.Build.0 = Debug|Win32
		{4F5F7F00-A9BE-40A5-B619-2A3E7D17809D}.Release|x64.ActiveCfg = Release|x64
		{4F5F7F00-A9BE-40A5-B619-2A3E7D17809D}.Release|x64.Build.0 = Release|x64
		{4F5F7F00-A9BE-40A5-B619-2A3E7D17809D}.Release|x86.ActiveCfg = Release|Win32
		{4F5F7F00-A9BE-40A5-B619-2A3E7D17809D}.Release|x86.Build.0 = Release|Win32
		{F7EAC50F-C276-477D-8E6A-A6CD168770C3}.Debug|x64.ActiveCfg = Debug|x64
		{F7EAC50F-C276-477D-8E6A-A6CD168770C3}.Debug|x64.Build.0 = Debug|x64
		{F7EAC50F-C276-477D-8E6A-A6CD168770C3}.Debug|x86.ActiveCfg = Debug|Win32
		{F7EAC50F-C276-477D-8E6A-A6CD168770C3}.Debug|x86.Build.0 = Debug|Win32
		{F7EAC50F-C276-477D-8E6A-A6CD168770C3}.Release|x64.ActiveCfg = Release|x64
		{F7EAC50F-C276-477D-8E6A-A6CD168770C3}.Release|x64.Build.0 = Release|x64
		{F7EAC50F-C276-477D-8E6A-A6CD168770C3}.Release|x86.ActiveCfg = Release|Win32
		{F7EAC50F-C276-477D-8E6A-A6CD168770C3}.Release|x86.Build.0 = Release|Win32
		{80FE3D30-111B-429F-962A-FBC1C9AF7FAC}.Debug|x64.ActiveCfg = Debug|x64
		{80FE3D30-111B-429F-962A-FBC1C9AF7FAC}.Debug|x64.Build.0 = Debug|x64
		{80FE3D30-111B-429F-962A-FBC1C9AF7FAC}.Debug|x86.ActiveCfg = Debug|Win32
		{80FE3D30-111B-429F-962A-FBC1C9AF7FAC}.Debug|x86.Build.0 = Debug|Win32
		{80FE3D30-111B-429F-962A-FBC1C9AF7FAC}.Release|x64.ActiveCfg = Release|x64
		{80FE3D30-111B-429F-962A-FBC1C9AF7FAC}.Release|x64.Build.0 = Release|x64
		{80FE3D30-111B-429F-962A-FBC1C9AF7FAC}.Release|x86.ActiveCfg = Release|Win32
		{80FE3D30-111B-429F-962A-FBC1C9AF7FAC}.Release|x86.Build.0 = Release|Win32
		{522E40E0-EEC2-402C-804A-53BB1E9ED250}.Debug|x64.ActiveCfg = Debug|x64
		{522E40E0-EEC2-402C-804A-53BB1E9ED250}.Debug|x64.Build.0 = Debug|x64
		{522E40E0-EEC2-402C-804A-53BB1E9ED250}.Debug|x86.ActiveCfg = Debug|Win32
		{522E40E0-EEC2-402C-804A-53BB1E9ED250}.Debug|x86.Build.0 = Debug|Win32
		{522E40E0-EEC2-402C-804A-53BB1E9ED250}.Release|x64.ActiveCfg = Release|x64
		{522E40E0-EEC2-402C-804A-53BB1E9ED250}.Release|x64.Build.0 = Release|x64
		{522E40E0-EEC2-402C-804A-53BB1E9ED250}.Release|x86.ActiveCfg = Release|Win32
		{522E40E0-EEC2-402C-804A-53BB1E9ED250}.Release|x86.Build.0 = Release|Win32
		{5010D012-E4AE-4728-9B6F-21266A88A753}.Debug|x64.ActiveCfg = Debug|x64
		{5010D012-E4AE-4728-9B6F-21266A88A753}.Debug|x64.Build.0 = Debug|x64
		{5010D012-E4AE-4728-9B6F-21266A88A753}.Debug|x86.ActiveCfg = Debug|Win32
		{5010D012-E4AE-4728-9B6F-21266A88A753}.Debug|x86.Build.0 = Debug|Win32
		{5010D012-E4AE-4728-9B6F-21266A88A753}.Release|x64.ActiveCfg = Release|x64
		{5010D012-E4AE-4728-9B6F-21266A88A753}.Release|x64.Build.0 = Release|x64
		{5010D012-E4AE-4728-9B6F-21266A88A753}.Release|x86.ActiveCfg = Release|Win32
		{5010D012-E4AE-4728-9B6F-21266A88A753}.Release|x86.Build.0 = Release|Win32
		{92CB97D9-DC3F-4567-8B20-9657A14F98D0}.Debug|x64.ActiveCfg = Debug|x64
		{92CB97D9-DC3F-4567-8B20-9657A14F98D0}.Debug|x64.Build.0 = Debug|x64
		{92CB97D9-DC3F-4567-8B20-9657A14F98D0}.Debug|x86.ActiveCfg = Debug|Win32
		{92CB97D9-DC3F-4567-8B20-9657A14F98D0}.Debug|x86.Build.0 = Debug|Win32
		{92CB97D9-DC3F-4567-8B20-9657A14F98D0}.Release|x64.ActiveCfg = Release|x64
		{92CB97D9-DC3F-4567-8B20-9657A14F98D0}.Release|x64.Build.0 = Release|x64
		{92CB97D9-DC3F-4567-8B20-9657A14F98D0}.Release|x86.ActiveCfg = Release|Win32
		{92CB97D9-DC3F-4567-8B20-9657A14F98D0}.Release|x86.Build.0 = Release|Win32
		{427B391E-06D3-4DB0-9EB1-075EFE139154}.Debug|x64.ActiveCfg = Debug|x64
		{427B391E-06D3-4DB0-9EB1-075EFE139154}.Debug|x64.Build.0 = Debug|x64
		{427B391E-06D3-4DB0-9EB1-075EFE139154}.Debug|x86.ActiveCfg = Debug|Win32
		{427B391E-06D3-4DB0-9EB1-075EFE139154}.Debug|x86.Build.0 = Debug|Win32
		{427B391E-06D3-4DB0-9EB1-075EFE139154}.Release|x64.ActiveCfg = Release|x64
		{427B391E-06D3-4DB0-9EB1-075EFE139154}.Release|x64.Build.0 = Release|x64
		{427B391E-06D3-4DB0-9EB1-075EFE139154}.Release|x86.ActiveCfg = Release|Win32
		{427B391E-06D3-4DB0-9EB1-075EFE139154}.Release|x86.Build.0 = Release|Win32
		{65CE9466-769C-454D-B3A7-990249EC59F4}.Debug|x64.ActiveCfg = Debug|x64
		{65CE9466-769C-454D-B3A7-990249EC59F4}.Debug|x64.Build.0 = Debug|x64
		{65CE9466-769C-454D-B3A7-990249EC59F4}.Debug|x86.ActiveCfg = Debug|Win32
		{65CE9466-769C-454D-B3A7-990249EC59F4}.Debug|x86.Build.0 = Debug|Win32
		{65CE9466-769C-454D-B3A7-990249EC59F4}.Release|x64.ActiveCfg = Release|x64
		{65CE9466-769C-454D-B3A7-990249EC59F4}.Release|x64.Build.0 = Release|x64
		{65CE9466-769C-454D-B3A7-990249EC59F4}.Release|x86.ActiveCfg = Release|Win32
		{65CE9466-769C-454D-B3A7-990249EC59F4}.Release|x86.Build.0 = Release|Win32
		{76D49F50-5A70-481F-B9D7-06226328F9FB}.Debug|x64.ActiveCfg = Debug|x64
		{76D49F50-5A70-481F-B9D7-06226328F9FB}.Debug|x64.Build.0 = Debug|x64
		{76D49F50-5A70-481F-B9D7-06226328F9FB}.Debug|x86.ActiveCfg = Debug|Win32
		{76D49F50-5A70-481F-B9D7-06226328F9FB}.Debug|x86.Build.0 = Debug|Win32
		{76D49F50-5A70-481F-B9D7-06226328F9FB}.Release|x64.ActiveCfg = Release|x64
		{76D49F50-5A70-481F-B9D7-06226328F9FB}.Release|x64.Build.0 = Release|x64
		{76D49F50-5A70-481F-B9D7-06226328F9FB}.Release|x86.ActiveCfg = Release|Win32
		{76D49F50-5A70-481F-B9D7-06226328F9FB}.Release|x86.Build.0 = Release|Win32
		{9AB3518C-173E-4407-8CA2-1AFEBDE5F8CE}.Debug|x64.ActiveCfg = Debug|x64
		{9AB3518C-173E-4407-8CA2-1AFEBDE5F8CE}.Debug|x64.Build.0 = Debug|x64
		{9AB3518C-173E-4407-8CA2-1AFEBDE5F8CE}.Debug|x86.ActiveCfg = Debug|Win32
		{9AB3518C-173E-4407-8CA2-1AFEBDE5F8CE}.Debug|x86.Build.0 = Debug|Win32
		{9AB3518C-173E-4407-8CA2-1AFEBDE5F8CE}.Release|x64.ActiveCfg = Release|x64
		{9AB3518C-173E-4407-8CA2-1AFEBDE5F8CE}.Release|x64.Build.0 = Release|x64
		{9AB3518C-173E-4407-8CA2-1AFEBDE5F8CE}.Release|x86.ActiveCfg = Release|Win32
		{9AB3518C-173E-4407-8CA2-1AFEBDE5F8CE}.Release|x86.Build.0 = Release|Win32
	EndGlobalSection
	GlobalSection(SolutionProperties) = preSolution
		HideSolutionNode = FALSE
	EndGlobalSection
	GlobalSection(ExtensibilityGlobals) = postSolution
		SolutionGuid = {BCFB7AAF-6B32-4E0B-9572-7A36F1CB202E}
	EndGlobalSection
EndGlobal
